
Microsoft Visual Studio Solution File, Format Version 12.00
# Visual Studio Version 17
VisualStudioVersion = 17.5.33502.453
MinimumVisualStudioVersion = 10.0.40219.1
Project("{FAE04EC0-301F-11D3-BF4B-00C04F79EFBC}") = "Working with Delegates and Events", "Working with Delegates and Events\Working with Delegates and Events.csproj", "{92E73D73-7ABF-4466-B95B-06A5B34FDE6B}"
EndProject
Global
	GlobalSection(SolutionConfigurationPlatforms) = preSolution
		Debug|Any CPU = Debug|Any CPU
		Release|Any CPU = Release|Any CPU
	EndGlobalSection
	GlobalSection(ProjectConfigurationPlatforms) = postSolution
		{92E73D73-7ABF-4466-B95B-06A5B34FDE6B}.Debug|Any CPU.ActiveCfg = Debug|Any CPU
		{92E73D73-7ABF-4466-B95B-06A5B34FDE6B}.Debug|Any CPU.Build.0 = Debug|Any CPU
		{92E73D73-7ABF-4466-B95B-06A5B34FDE6B}.Release|Any CPU.ActiveCfg = Release|Any CPU
		{92E73D73-7ABF-4466-B95B-06A5B34FDE6B}.Release|Any CPU.Build.0 = Release|Any CPU
	EndGlobalSection
	GlobalSection(SolutionProperties) = preSolution
		HideSolutionNode = FALSE
	EndGlobalSection
	GlobalSection(ExtensibilityGlobals) = postSolution
		SolutionGuid = {BBB58380-E4DE-44FD-84BF-FC34B80B73AE}
	EndGlobalSection
EndGlobal
